
Microsoft Visual Studio Solution File, Format Version 12.00
# Visual Studio Version 17
VisualStudioVersion = 17.0.31903.59
MinimumVisualStudioVersion = 10.0.40219.1
Project("{FAE04EC0-301F-11D3-BF4B-00C04F79EFBC}") = "WebApplication1", "WebApplication1\WebApplication1.csproj", "{C1ACAFB0-9FE1-4F3A-982A-457093A3E2F9}"
EndProject
Global
	GlobalSection(SolutionConfigurationPlatforms) = preSolution
		Debug|Any CPU = Debug|Any CPU
		Release|Any CPU = Release|Any CPU
	EndGlobalSection
	GlobalSection(ProjectConfigurationPlatforms) = postSolution
		{C1ACAFB0-9FE1-4F3A-982A-457093A3E2F9}.Debug|Any CPU.ActiveCfg = Debug|Any CPU
		{C1ACAFB0-9FE1-4F3A-982A-457093A3E2F9}.Debug|Any CPU.Build.0 = Debug|Any CPU
		{C1ACAFB0-9FE1-4F3A-982A-457093A3E2F9}.Release|Any CPU.ActiveCfg = Release|Any CPU
		{C1ACAFB0-9FE1-4F3A-982A-457093A3E2F9}.Release|Any CPU.Build.0 = Release|Any CPU
	EndGlobalSection
	GlobalSection(SolutionProperties) = preSolution
		HideSolutionNode = FALSE
	EndGlobalSection
	GlobalSection(ExtensibilityGlobals) = postSolution
		SolutionGuid = {65B297A6-420B-4EC6-AAF3-28B1B5C29408}
	EndGlobalSection
	GlobalSection(TeamFoundationVersionControl) = preSolution
		SccNumberOfProjects = 2
		SccEnterpriseProvider = {4CA58AB2-18FA-4F8D-95D4-32DDF27D184C}
		SccTeamFoundationServer = http://az2019:8080/defaultcollection
		SccLocalPath0 = .
		SccProjectUniqueName1 = WebApplication1\\WebApplication1.csproj
		SccProjectName1 = WebApplication1
		SccLocalPath1 = WebApplication1
	EndGlobalSection
EndGlobal
